
Microsoft Visual Studio Solution File, Format Version 12.00
# Visual Studio Version 17
VisualStudioVersion = 17.5.33530.505
MinimumVisualStudioVersion = 10.0.40219.1
Project("{9A19103F-16F7-4668-BE54-9A1E7A4F7556}") = "FunctionsDotNetDapr", "FunctionsDotNetDapr\FunctionsDotNetDapr.csproj", "{14CA0BA2-B592-433B-908D-A3A988EED5CD}"
EndProject
Global
	GlobalSection(SolutionConfigurationPlatforms) = preSolution
		Debug|Any CPU = Debug|Any CPU
		Release|Any CPU = Release|Any CPU
	EndGlobalSection
	GlobalSection(ProjectConfigurationPlatforms) = postSolution
		{14CA0BA2-B592-433B-908D-A3A988EED5CD}.Debug|Any CPU.ActiveCfg = Debug|Any CPU
		{14CA0BA2-B592-433B-908D-A3A988EED5CD}.Debug|Any CPU.Build.0 = Debug|Any CPU
		{14CA0BA2-B592-433B-908D-A3A988EED5CD}.Release|Any CPU.ActiveCfg = Release|Any CPU
		{14CA0BA2-B592-433B-908D-A3A988EED5CD}.Release|Any CPU.Build.0 = Release|Any CPU
	EndGlobalSection
	GlobalSection(SolutionProperties) = preSolution
		HideSolutionNode = FALSE
	EndGlobalSection
	GlobalSection(ExtensibilityGlobals) = postSolution
		SolutionGuid = {FF09D97B-9B7E-4D3B-BAEB-2178C76CA03A}
	EndGlobalSection
EndGlobal
